
Microsoft Visual Studio Solution File, Format Version 12.00
# Visual Studio Version 17
VisualStudioVersion = 17.2.32526.322
MinimumVisualStudioVersion = 10.0.40219.1
Project("{FAE04EC0-301F-11D3-BF4B-00C04F79EFBC}") = "AjaxWithAPI", "AjaxWithAPI\AjaxWithAPI.csproj", "{91459C70-15D4-4716-A4B0-AE182F8810F1}"
EndProject
Global
	GlobalSection(SolutionConfigurationPlatforms) = preSolution
		Debug|Any CPU = Debug|Any CPU
		Release|Any CPU = Release|Any CPU
	EndGlobalSection
	GlobalSection(ProjectConfigurationPlatforms) = postSolution
		{91459C70-15D4-4716-A4B0-AE182F8810F1}.Debug|Any CPU.ActiveCfg = Debug|Any CPU
		{91459C70-15D4-4716-A4B0-AE182F8810F1}.Debug|Any CPU.Build.0 = Debug|Any CPU
		{91459C70-15D4-4716-A4B0-AE182F8810F1}.Release|Any CPU.ActiveCfg = Release|Any CPU
		{91459C70-15D4-4716-A4B0-AE182F8810F1}.Release|Any CPU.Build.0 = Release|Any CPU
	EndGlobalSection
	GlobalSection(SolutionProperties) = preSolution
		HideSolutionNode = FALSE
	EndGlobalSection
	GlobalSection(ExtensibilityGlobals) = postSolution
		SolutionGuid = {DA0A6615-C2FC-4158-8272-A4C0EA77ECD1}
	EndGlobalSection
EndGlobal
